
Microsoft Visual Studio Solution File, Format Version 12.00
# Visual Studio 15
VisualStudioVersion = 15.0.28307.421
MinimumVisualStudioVersion = 10.0.40219.1
Project("{FAE04EC0-301F-11D3-BF4B-00C04F79EFBC}") = "MiniSQLDB", "MiniSQLDB\MiniSQLDB.csproj", "{51974996-9899-4F6A-94CC-FF3EC9353917}"
EndProject
Global
	GlobalSection(SolutionConfigurationPlatforms) = preSolution
		Debug|Any CPU = Debug|Any CPU
		Release|Any CPU = Release|Any CPU
	EndGlobalSection
	GlobalSection(ProjectConfigurationPlatforms) = postSolution
		{51974996-9899-4F6A-94CC-FF3EC9353917}.Debug|Any CPU.ActiveCfg = Debug|Any CPU
		{51974996-9899-4F6A-94CC-FF3EC9353917}.Debug|Any CPU.Build.0 = Debug|Any CPU
		{51974996-9899-4F6A-94CC-FF3EC9353917}.Release|Any CPU.ActiveCfg = Release|Any CPU
		{51974996-9899-4F6A-94CC-FF3EC9353917}.Release|Any CPU.Build.0 = Release|Any CPU
	EndGlobalSection
	GlobalSection(SolutionProperties) = preSolution
		HideSolutionNode = FALSE
	EndGlobalSection
	GlobalSection(ExtensibilityGlobals) = postSolution
		SolutionGuid = {79F57482-53BD-4133-B3F4-2CEABD726014}
	EndGlobalSection
EndGlobal
